// !$*UTF8*$!
{
	archiveVersion = 1;
	classes = {
	};
	objectVersion = 55;
	objects = {

/* Begin PBXBuildFile section */
		204161F72899AD13004A9F71 /* AppDelegate.swift in Sources */ = {isa = PBXBuildFile; fileRef = 204161F62899AD13004A9F71 /* AppDelegate.swift */; };
		204161F92899AD13004A9F71 /* SceneDelegate.swift in Sources */ = {isa = PBXBuildFile; fileRef = 204161F82899AD13004A9F71 /* SceneDelegate.swift */; };
		204161FB2899AD13004A9F71 /* ViewController.swift in Sources */ = {isa = PBXBuildFile; fileRef = 204161FA2899AD13004A9F71 /* ViewController.swift */; };
		204161FE2899AD13004A9F71 /* Main.storyboard in Resources */ = {isa = PBXBuildFile; fileRef = 204161FC2899AD13004A9F71 /* Main.storyboard */; };
		204162002899AD17004A9F71 /* Assets.xcassets in Resources */ = {isa = PBXBuildFile; fileRef = 204161FF2899AD17004A9F71 /* Assets.xcassets */; };
		204162032899AD17004A9F71 /* LaunchScreen.storyboard in Resources */ = {isa = PBXBuildFile; fileRef = 204162012899AD17004A9F71 /* LaunchScreen.storyboard */; };
		204162152899F420004A9F71 /* UIViewMateria.swift in Sources */ = {isa = PBXBuildFile; fileRef = 204162142899F420004A9F71 /* UIViewMateria.swift */; };
		204162172899F567004A9F71 /* RSSParser.swift in Sources */ = {isa = PBXBuildFile; fileRef = 204162162899F567004A9F71 /* RSSParser.swift */; };
		752CA985289C433A004447F7 /* FeedCell.swift in Sources */ = {isa = PBXBuildFile; fileRef = 752CA984289C433A004447F7 /* FeedCell.swift */; };
		752CA988289C4F7C004447F7 /* News.swift in Sources */ = {isa = PBXBuildFile; fileRef = 752CA987289C4F7C004447F7 /* News.swift */; };
/* End PBXBuildFile section */

/* Begin PBXFileReference section */
		204161F32899AD13004A9F71 /* Challenge_g1.app */ = {isa = PBXFileReference; explicitFileType = wrapper.application; includeInIndex = 0; path = Challenge_g1.app; sourceTree = BUILT_PRODUCTS_DIR; };
		204161F62899AD13004A9F71 /* AppDelegate.swift */ = {isa = PBXFileReference; lastKnownFileType = sourcecode.swift; path = AppDelegate.swift; sourceTree = "<group>"; };
		204161F82899AD13004A9F71 /* SceneDelegate.swift */ = {isa = PBXFileReference; lastKnownFileType = sourcecode.swift; path = SceneDelegate.swift; sourceTree = "<group>"; };
		204161FA2899AD13004A9F71 /* ViewController.swift */ = {isa = PBXFileReference; lastKnownFileType = sourcecode.swift; path = ViewController.swift; sourceTree = "<group>"; };
		204161FD2899AD13004A9F71 /* Base */ = {isa = PBXFileReference; lastKnownFileType = file.storyboard; name = Base; path = Base.lproj/Main.storyboard; sourceTree = "<group>"; };
		204161FF2899AD17004A9F71 /* Assets.xcassets */ = {isa = PBXFileReference; lastKnownFileType = folder.assetcatalog; path = Assets.xcassets; sourceTree = "<group>"; };
		204162022899AD17004A9F71 /* Base */ = {isa = PBXFileReference; lastKnownFileType = file.storyboard; name = Base; path = Base.lproj/LaunchScreen.storyboard; sourceTree = "<group>"; };
		204162042899AD17004A9F71 /* Info.plist */ = {isa = PBXFileReference; lastKnownFileType = text.plist.xml; path = Info.plist; sourceTree = "<group>"; };
		204162142899F420004A9F71 /* UIViewMateria.swift */ = {isa = PBXFileReference; lastKnownFileType = sourcecode.swift; path = UIViewMateria.swift; sourceTree = "<group>"; };
		204162162899F567004A9F71 /* RSSParser.swift */ = {isa = PBXFileReference; lastKnownFileType = sourcecode.swift; path = RSSParser.swift; sourceTree = "<group>"; };
		752CA984289C433A004447F7 /* FeedCell.swift */ = {isa = PBXFileReference; lastKnownFileType = sourcecode.swift; path = FeedCell.swift; sourceTree = "<group>"; };
		752CA987289C4F7C004447F7 /* News.swift */ = {isa = PBXFileReference; lastKnownFileType = sourcecode.swift; path = News.swift; sourceTree = "<group>"; };
/* End PBXFileReference section */

/* Begin PBXFrameworksBuildPhase section */
		204161F02899AD13004A9F71 /* Frameworks */ = {
			isa = PBXFrameworksBuildPhase;
			buildActionMask = 2147483647;
			files = (
			);
			runOnlyForDeploymentPostprocessing = 0;
		};
/* End PBXFrameworksBuildPhase section */

/* Begin PBXGroup section */
		202C8EEE289ACA4C00EF579B /* Views */ = {
			isa = PBXGroup;
			children = (
				204162142899F420004A9F71 /* UIViewMateria.swift */,
				204161FA2899AD13004A9F71 /* ViewController.swift */,
				752CA989289C5279004447F7 /* Cells */,
			);
			path = Views;
			sourceTree = "<group>";
		};
		202C8EEF289ACA6E00EF579B /* Controllers */ = {
			isa = PBXGroup;
			children = (
				204162162899F567004A9F71 /* RSSParser.swift */,
			);
			path = Controllers;
			sourceTree = "<group>";
		};
		204161EA2899AD13004A9F71 = {
			isa = PBXGroup;
			children = (
				204161F52899AD13004A9F71 /* Challenge_g1 */,
				204161F42899AD13004A9F71 /* Products */,
			);
			sourceTree = "<group>";
		};
		204161F42899AD13004A9F71 /* Products */ = {
			isa = PBXGroup;
			children = (
				204161F32899AD13004A9F71 /* Challenge_g1.app */,
			);
			name = Products;
			sourceTree = "<group>";
		};
		204161F52899AD13004A9F71 /* Challenge_g1 */ = {
			isa = PBXGroup;
			children = (
				204161F62899AD13004A9F71 /* AppDelegate.swift */,
				204161F82899AD13004A9F71 /* SceneDelegate.swift */,
				204162012899AD17004A9F71 /* LaunchScreen.storyboard */,
				204161FC2899AD13004A9F71 /* Main.storyboard */,
				752CA986289C4F6C004447F7 /* Model */,
				202C8EEF289ACA6E00EF579B /* Controllers */,
				202C8EEE289ACA4C00EF579B /* Views */,
				204161FF2899AD17004A9F71 /* Assets.xcassets */,
				204162042899AD17004A9F71 /* Info.plist */,
			);
			path = Challenge_g1;
			sourceTree = "<group>";
		};
		752CA986289C4F6C004447F7 /* Model */ = {
			isa = PBXGroup;
			children = (
				752CA987289C4F7C004447F7 /* News.swift */,
			);
			path = Model;
			sourceTree = "<group>";
		};
		752CA989289C5279004447F7 /* Cells */ = {
			isa = PBXGroup;
			children = (
				752CA984289C433A004447F7 /* FeedCell.swift */,
			);
			path = Cells;
			sourceTree = "<group>";
		};
/* End PBXGroup section */

/* Begin PBXNativeTarget section */
		204161F22899AD13004A9F71 /* Challenge_g1 */ = {
			isa = PBXNativeTarget;
			buildConfigurationList = 204162072899AD17004A9F71 /* Build configuration list for PBXNativeTarget "Challenge_g1" */;
			buildPhases = (
				204161EF2899AD13004A9F71 /* Sources */,
				204161F02899AD13004A9F71 /* Frameworks */,
				204161F12899AD13004A9F71 /* Resources */,
			);
			buildRules = (
			);
			dependencies = (
			);
			name = Challenge_g1;
			productName = Challenge_g1;
			productReference = 204161F32899AD13004A9F71 /* Challenge_g1.app */;
			productType = "com.apple.product-type.application";
		};
/* End PBXNativeTarget section */

/* Begin PBXProject section */
		204161EB2899AD13004A9F71 /* Project object */ = {
			isa = PBXProject;
			attributes = {
				BuildIndependentTargetsInParallel = 1;
				LastSwiftUpdateCheck = 1340;
				LastUpgradeCheck = 1340;
				TargetAttributes = {
					204161F22899AD13004A9F71 = {
						CreatedOnToolsVersion = 13.4.1;
					};
				};
			};
			buildConfigurationList = 204161EE2899AD13004A9F71 /* Build configuration list for PBXProject "Challenge_g1" */;
			compatibilityVersion = "Xcode 13.0";
			developmentRegion = en;
			hasScannedForEncodings = 0;
			knownRegions = (
				en,
				Base,
			);
			mainGroup = 204161EA2899AD13004A9F71;
			productRefGroup = 204161F42899AD13004A9F71 /* Products */;
			projectDirPath = "";
			projectRoot = "";
			targets = (
				204161F22899AD13004A9F71 /* Challenge_g1 */,
			);
		};
/* End PBXProject section */

/* Begin PBXResourcesBuildPhase section */
		204161F12899AD13004A9F71 /* Resources */ = {
			isa = PBXResourcesBuildPhase;
			buildActionMask = 2147483647;
			files = (
				204162032899AD17004A9F71 /* LaunchScreen.storyboard in Resources */,
				204162002899AD17004A9F71 /* Assets.xcassets in Resources */,
				204161FE2899AD13004A9F71 /* Main.storyboard in Resources */,
			);
			runOnlyForDeploymentPostprocessing = 0;
		};
/* End PBXResourcesBuildPhase section */

/* Begin PBXSourcesBuildPhase section */
		204161EF2899AD13004A9F71 /* Sources */ = {
			isa = PBXSourcesBuildPhase;
			buildActionMask = 2147483647;
			files = (
				204161FB2899AD13004A9F71 /* ViewController.swift in Sources */,
				204161F72899AD13004A9F71 /* AppDelegate.swift in Sources */,
				204162152899F420004A9F71 /* UIViewMateria.swift in Sources */,
				204161F92899AD13004A9F71 /* SceneDelegate.swift in Sources */,
				752CA988289C4F7C004447F7 /* News.swift in Sources */,
				204162172899F567004A9F71 /* RSSParser.swift in Sources */,
				752CA985289C433A004447F7 /* FeedCell.swift in Sources */,
			);
			runOnlyForDeploymentPostprocessing = 0;
		};
/* End PBXSourcesBuildPhase section */

/* Begin PBXVariantGroup section */
		204161FC2899AD13004A9F71 /* Main.storyboard */ = {
			isa = PBXVariantGroup;
			children = (
				204161FD2899AD13004A9F71 /* Base */,
			);
			name = Main.storyboard;
			sourceTree = "<group>";
		};
		204162012899AD17004A9F71 /* LaunchScreen.storyboard */ = {
			isa = PBXVariantGroup;
			children = (
				204162022899AD17004A9F71 /* Base */,
			);
			name = LaunchScreen.storyboard;
			sourceTree = "<group>";
		};
/* End PBXVariantGroup section */

/* Begin XCBuildConfiguration section */
		204162052899AD17004A9F71 /* Debug */ = {
			isa = XCBuildConfiguration;
			buildSettings = {
				ALWAYS_SEARCH_USER_PATHS = NO;
				CLANG_ANALYZER_NONNULL = YES;
				CLANG_ANALYZER_NUMBER_OBJECT_CONVERSION = YES_AGGRESSIVE;
				CLANG_CXX_LANGUAGE_STANDARD = "gnu++17";
				CLANG_ENABLE_MODULES = YES;
				CLANG_ENABLE_OBJC_ARC = YES;
				CLANG_ENABLE_OBJC_WEAK = YES;
				CLANG_WARN_BLOCK_CAPTURE_AUTORELEASING = YES;
				CLANG_WARN_BOOL_CONVERSION = YES;
				CLANG_WARN_COMMA = YES;
				CLANG_WARN_CONSTANT_CONVERSION = YES;
				CLANG_WARN_DEPRECATED_OBJC_IMPLEMENTATIONS = YES;
				CLANG_WARN_DIRECT_OBJC_ISA_USAGE = YES_ERROR;
				CLANG_WARN_DOCUMENTATION_COMMENTS = YES;
				CLANG_WARN_EMPTY_BODY = YES;
				CLANG_WARN_ENUM_CONVERSION = YES;
				CLANG_WARN_INFINITE_RECURSION = YES;
				CLANG_WARN_INT_CONVERSION = YES;
				CLANG_WARN_NON_LITERAL_NULL_CONVERSION = YES;
				CLANG_WARN_OBJC_IMPLICIT_RETAIN_SELF = YES;
				CLANG_WARN_OBJC_LITERAL_CONVERSION = YES;
				CLANG_WARN_OBJC_ROOT_CLASS = YES_ERROR;
				CLANG_WARN_QUOTED_INCLUDE_IN_FRAMEWORK_HEADER = YES;
				CLANG_WARN_RANGE_LOOP_ANALYSIS = YES;
				CLANG_WARN_STRICT_PROTOTYPES = YES;
				CLANG_WARN_SUSPICIOUS_MOVE = YES;
				CLANG_WARN_UNGUARDED_AVAILABILITY = YES_AGGRESSIVE;
				CLANG_WARN_UNREACHABLE_CODE = YES;
				CLANG_WARN__DUPLICATE_METHOD_MATCH = YES;
				COPY_PHASE_STRIP = NO;
				DEBUG_INFORMATION_FORMAT = dwarf;
				ENABLE_STRICT_OBJC_MSGSEND = YES;
				ENABLE_TESTABILITY = YES;
				GCC_C_LANGUAGE_STANDARD = gnu11;
				GCC_DYNAMIC_NO_PIC = NO;
				GCC_NO_COMMON_BLOCKS = YES;
				GCC_OPTIMIZATION_LEVEL = 0;
				GCC_PREPROCESSOR_DEFINITIONS = (
					"DEBUG=1",
					"$(inherited)",
				);
				GCC_WARN_64_TO_32_BIT_CONVERSION = YES;
				GCC_WARN_ABOUT_RETURN_TYPE = YES_ERROR;
				GCC_WARN_UNDECLARED_SELECTOR = YES;
				GCC_WARN_UNINITIALIZED_AUTOS = YES_AGGRESSIVE;
				GCC_WARN_UNUSED_FUNCTION = YES;
				GCC_WARN_UNUSED_VARIABLE = YES;
				IPHONEOS_DEPLOYMENT_TARGET = 15.5;
				MTL_ENABLE_DEBUG_INFO = INCLUDE_SOURCE;
				MTL_FAST_MATH = YES;
				ONLY_ACTIVE_ARCH = YES;
				SDKROOT = iphoneos;
				SWIFT_ACTIVE_COMPILATION_CONDITIONS = DEBUG;
				SWIFT_OPTIMIZATION_LEVEL = "-Onone";
			};
			name = Debug;
		};
		204162062899AD17004A9F71 /* Release */ = {
			isa = XCBuildConfiguration;
			buildSettings = {
				ALWAYS_SEARCH_USER_PATHS = NO;
				CLANG_ANALYZER_NONNULL = YES;
				CLANG_ANALYZER_NUMBER_OBJECT_CONVERSION = YES_AGGRESSIVE;
				CLANG_CXX_LANGUAGE_STANDARD = "gnu++17";
				CLANG_ENABLE_MODULES = YES;
				CLANG_ENABLE_OBJC_ARC = YES;
				CLANG_ENABLE_OBJC_WEAK = YES;
				CLANG_WARN_BLOCK_CAPTURE_AUTORELEASING = YES;
				CLANG_WARN_BOOL_CONVERSION = YES;
				CLANG_WARN_COMMA = YES;
				CLANG_WARN_CONSTANT_CONVERSION = YES;
				CLANG_WARN_DEPRECATED_OBJC_IMPLEMENTATIONS = YES;
				CLANG_WARN_DIRECT_OBJC_ISA_USAGE = YES_ERROR;
				CLANG_WARN_DOCUMENTATION_COMMENTS = YES;
				CLANG_WARN_EMPTY_BODY = YES;
				CLANG_WARN_ENUM_CONVERSION = YES;
				CLANG_WARN_INFINITE_RECURSION = YES;
				CLANG_WARN_INT_CONVERSION = YES;
				CLANG_WARN_NON_LITERAL_NULL_CONVERSION = YES;
				CLANG_WARN_OBJC_IMPLICIT_RETAIN_SELF = YES;
				CLANG_WARN_OBJC_LITERAL_CONVERSION = YES;
				CLANG_WARN_OBJC_ROOT_CLASS = YES_ERROR;
				CLANG_WARN_QUOTED_INCLUDE_IN_FRAMEWORK_HEADER = YES;
				CLANG_WARN_RANGE_LOOP_ANALYSIS = YES;
				CLANG_WARN_STRICT_PROTOTYPES = YES;
				CLANG_WARN_SUSPICIOUS_MOVE = YES;
				CLANG_WARN_UNGUARDED_AVAILABILITY = YES_AGGRESSIVE;
				CLANG_WARN_UNREACHABLE_CODE = YES;
				CLANG_WARN__DUPLICATE_METHOD_MATCH = YES;
				COPY_PHASE_STRIP = NO;
				DEBUG_INFORMATION_FORMAT = "dwarf-with-dsym";
				ENABLE_NS_ASSERTIONS = NO;
				ENABLE_STRICT_OBJC_MSGSEND = YES;
				GCC_C_LANGUAGE_STANDARD = gnu11;
				GCC_NO_COMMON_BLOCKS = YES;
				GCC_WARN_64_TO_32_BIT_CONVERSION = YES;
				GCC_WARN_ABOUT_RETURN_TYPE = YES_ERROR;
				GCC_WARN_UNDECLARED_SELECTOR = YES;
				GCC_WARN_UNINITIALIZED_AUTOS = YES_AGGRESSIVE;
				GCC_WARN_UNUSED_FUNCTION = YES;
				GCC_WARN_UNUSED_VARIABLE = YES;
				IPHONEOS_DEPLOYMENT_TARGET = 15.5;
				MTL_ENABLE_DEBUG_INFO = NO;
				MTL_FAST_MATH = YES;
				SDKROOT = iphoneos;
				SWIFT_COMPILATION_MODE = wholemodule;
				SWIFT_OPTIMIZATION_LEVEL = "-O";
				VALIDATE_PRODUCT = YES;
			};
			name = Release;
		};
		204162082899AD17004A9F71 /* Debug */ = {
			isa = XCBuildConfiguration;
			buildSettings = {
				ASSETCATALOG_COMPILER_APPICON_NAME = AppIcon;
				ASSETCATALOG_COMPILER_GLOBAL_ACCENT_COLOR_NAME = AccentColor;
				CODE_SIGN_STYLE = Automatic;
				CURRENT_PROJECT_VERSION = 1;
				DEVELOPMENT_TEAM = L54U3R25XG;
				GENERATE_INFOPLIST_FILE = YES;
				INFOPLIST_FILE = Challenge_g1/Info.plist;
				INFOPLIST_KEY_UIApplicationSupportsIndirectInputEvents = YES;
				INFOPLIST_KEY_UILaunchStoryboardName = LaunchScreen;
				INFOPLIST_KEY_UIMainStoryboardFile = Main;
				INFOPLIST_KEY_UISupportedInterfaceOrientations_iPad = "UIInterfaceOrientationPortrait UIInterfaceOrientationPortraitUpsideDown UIInterfaceOrientationLandscapeLeft UIInterfaceOrientationLandscapeRight";
				INFOPLIST_KEY_UISupportedInterfaceOrientations_iPhone = "UIInterfaceOrientationPortrait UIInterfaceOrientationLandscapeLeft UIInterfaceOrientationLandscapeRight";
				LD_RUNPATH_SEARCH_PATHS = (
					"$(inherited)",
					"@executable_path/Frameworks",
				);
				MARKETING_VERSION = 1.0;
				PRODUCT_BUNDLE_IDENTIFIER = "FelipeAlmeida.Challenge-g1";
				PRODUCT_NAME = "$(TARGET_NAME)";
				SWIFT_EMIT_LOC_STRINGS = YES;
				SWIFT_VERSION = 5.0;
				TARGETED_DEVICE_FAMILY = "1,2";
			};
			name = Debug;
		};
		204162092899AD17004A9F71 /* Release */ = {
			isa = XCBuildConfiguration;
			buildSettings = {
				ASSETCATALOG_COMPILER_APPICON_NAME = AppIcon;
				ASSETCATALOG_COMPILER_GLOBAL_ACCENT_COLOR_NAME = AccentColor;
				CODE_SIGN_STYLE = Automatic;
				CURRENT_PROJECT_VERSION = 1;
				DEVELOPMENT_TEAM = L54U3R25XG;
				GENERATE_INFOPLIST_FILE = YES;
				INFOPLIST_FILE = Challenge_g1/Info.plist;
				INFOPLIST_KEY_UIApplicationSupportsIndirectInputEvents = YES;
				INFOPLIST_KEY_UILaunchStoryboardName = LaunchScreen;
				INFOPLIST_KEY_UIMainStoryboardFile = Main;
				INFOPLIST_KEY_UISupportedInterfaceOrientations_iPad = "UIInterfaceOrientationPortrait UIInterfaceOrientationPortraitUpsideDown UIInterfaceOrientationLandscapeLeft UIInterfaceOrientationLandscapeRight";
				INFOPLIST_KEY_UISupportedInterfaceOrientations_iPhone = "UIInterfaceOrientationPortrait UIInterfaceOrientationLandscapeLeft UIInterfaceOrientationLandscapeRight";
				LD_RUNPATH_SEARCH_PATHS = (
					"$(inherited)",
					"@executable_path/Frameworks",
				);
				MARKETING_VERSION = 1.0;
				PRODUCT_BUNDLE_IDENTIFIER = "FelipeAlmeida.Challenge-g1";
				PRODUCT_NAME = "$(TARGET_NAME)";
				SWIFT_EMIT_LOC_STRINGS = YES;
				SWIFT_VERSION = 5.0;
				TARGETED_DEVICE_FAMILY = "1,2";
			};
			name = Release;
		};
/* End XCBuildConfiguration section */

/* Begin XCConfigurationList section */
		204161EE2899AD13004A9F71 /* Build configuration list for PBXProject "Challenge_g1" */ = {
			isa = XCConfigurationList;
			buildConfigurations = (
				204162052899AD17004A9F71 /* Debug */,
				204162062899AD17004A9F71 /* Release */,
			);
			defaultConfigurationIsVisible = 0;
			defaultConfigurationName = Release;
		};
		204162072899AD17004A9F71 /* Build configuration list for PBXNativeTarget "Challenge_g1" */ = {
			isa = XCConfigurationList;
			buildConfigurations = (
				204162082899AD17004A9F71 /* Debug */,
				204162092899AD17004A9F71 /* Release */,
			);
			defaultConfigurationIsVisible = 0;
			defaultConfigurationName = Release;
		};
/* End XCConfigurationList section */
	};
	rootObject = 204161EB2899AD13004A9F71 /* Project object */;
}
